
Microsoft Visual Studio Solution File, Format Version 12.00
# Visual Studio Version 17
VisualStudioVersion = 17.2.32630.192
MinimumVisualStudioVersion = 10.0.40219.1
Project("{FAE04EC0-301F-11D3-BF4B-00C04F79EFBC}") = "LoadTestMQTT_Console", "LoadTestMQTT_Console.csproj", "{9FFBA3CF-2A3E-4174-9941-AEBD911CF8A1}"
EndProject
Global
	GlobalSection(SolutionConfigurationPlatforms) = preSolution
		Debug|Any CPU = Debug|Any CPU
		Release|Any CPU = Release|Any CPU
	EndGlobalSection
	GlobalSection(ProjectConfigurationPlatforms) = postSolution
		{9FFBA3CF-2A3E-4174-9941-AEBD911CF8A1}.Debug|Any CPU.ActiveCfg = Debug|Any CPU
		{9FFBA3CF-2A3E-4174-9941-AEBD911CF8A1}.Debug|Any CPU.Build.0 = Debug|Any CPU
		{9FFBA3CF-2A3E-4174-9941-AEBD911CF8A1}.Release|Any CPU.ActiveCfg = Release|Any CPU
		{9FFBA3CF-2A3E-4174-9941-AEBD911CF8A1}.Release|Any CPU.Build.0 = Release|Any CPU
	EndGlobalSection
	GlobalSection(SolutionProperties) = preSolution
		HideSolutionNode = FALSE
	EndGlobalSection
	GlobalSection(ExtensibilityGlobals) = postSolution
		SolutionGuid = {88EFCE23-2F9D-4004-8759-62F45BE4BDBD}
	EndGlobalSection
EndGlobal
